{
  "name": "rsa_test",
  "version": "1.0.0",
  "lockfileVersion": 1,
  "requires": true,
  "dependencies": {
    "bigint-conversion": {
      "version": "2.1.1",
      "resolved": "https://registry.npmjs.org/bigint-conversion/-/bigint-conversion-2.1.1.tgz",
      "integrity": "sha512-nZbEecWm2CZV8piMNOyaJrOVg1FN824cNmZG14eR9lXDe9YP4iT+y/+OmKEo+Fil6cqL9KZSHQ1MGh7+7gYzMA=="
    },
    "bigint-crypto-utils": {
      "version": "2.4.7",
      "resolved": "https://registry.npmjs.org/bigint-crypto-utils/-/bigint-crypto-utils-2.4.7.tgz",
      "integrity": "sha512-xncjGjacUIBKvUTPssNlXujY3kSyu9tM5g3j1sTG8lnj6E6iPnMG8sctB7F4WKhGyTdPD1KqYD5V8RH1c49pwA=="
    }
  }
}
